{
  "requires": true,
  "lockfileVersion": 1,
  "dependencies": {
    "js-year-calendar": {
      "version": "1.0.2",
      "resolved": "https://registry.npmjs.org/js-year-calendar/-/js-year-calendar-1.0.2.tgz",
      "integrity": "sha512-ayHH/vE7xuXgGCprhQ23REbp3Rb2fy1rXO8jA26Wmuw4vYJ/TTIgFxFuNAlNPL8WR4tNXfnG41nlH3p+hjFesg=="
    }
  }
}
